
Microsoft Visual Studio Solution File, Format Version 12.00
# Visual Studio Version 16
VisualStudioVersion = 16.0.29102.190
MinimumVisualStudioVersion = 10.0.40219.1
Project("{9A19103F-16F7-4668-BE54-9A1E7A4F7556}") = "Core", "Core\Core.csproj", "{A75D1A49-515A-4D35-BEAB-81A60A96BCA8}"
EndProject
Project("{9A19103F-16F7-4668-BE54-9A1E7A4F7556}") = "Corefx", "Corefx\Corefx.csproj", "{3EA23D23-5CA7-4949-B131-C77261D76347}"
EndProject
Project("{9A19103F-16F7-4668-BE54-9A1E7A4F7556}") = "Core.Web", "Core.Web\Core.Web.csproj", "{146A4226-A105-489F-9A4C-8C74B359E644}"
EndProject
Project("{9A19103F-16F7-4668-BE54-9A1E7A4F7556}") = "Web.Host", "Web.Host\Web.Host.csproj", "{969F9C70-F48C-4A77-9FEB-3DA490B493C7}"
EndProject
Project("{9A19103F-16F7-4668-BE54-9A1E7A4F7556}") = "Web.Test", "Web.Test\Web.Test.csproj", "{86E5F344-8C11-4B0A-9C13-02EFC85AD4F4}"
EndProject
Project("{9A19103F-16F7-4668-BE54-9A1E7A4F7556}") = "Web.Benchmark", "Web.Benchmark\Web.Benchmark.csproj", "{9034FECC-65FD-4422-8E90-60CAB80E55DB}"
EndProject
Global
	GlobalSection(SolutionConfigurationPlatforms) = preSolution
		Debug|Any CPU = Debug|Any CPU
		Release|Any CPU = Release|Any CPU
	EndGlobalSection
	GlobalSection(ProjectConfigurationPlatforms) = postSolution
		{A75D1A49-515A-4D35-BEAB-81A60A96BCA8}.Debug|Any CPU.ActiveCfg = Debug|Any CPU
		{A75D1A49-515A-4D35-BEAB-81A60A96BCA8}.Debug|Any CPU.Build.0 = Debug|Any CPU
		{A75D1A49-515A-4D35-BEAB-81A60A96BCA8}.Release|Any CPU.ActiveCfg = Release|Any CPU
		{A75D1A49-515A-4D35-BEAB-81A60A96BCA8}.Release|Any CPU.Build.0 = Release|Any CPU
		{3EA23D23-5CA7-4949-B131-C77261D76347}.Debug|Any CPU.ActiveCfg = Debug|Any CPU
		{3EA23D23-5CA7-4949-B131-C77261D76347}.Debug|Any CPU.Build.0 = Debug|Any CPU
		{3EA23D23-5CA7-4949-B131-C77261D76347}.Release|Any CPU.ActiveCfg = Release|Any CPU
		{3EA23D23-5CA7-4949-B131-C77261D76347}.Release|Any CPU.Build.0 = Release|Any CPU
		{146A4226-A105-489F-9A4C-8C74B359E644}.Debug|Any CPU.ActiveCfg = Debug|Any CPU
		{146A4226-A105-489F-9A4C-8C74B359E644}.Debug|Any CPU.Build.0 = Debug|Any CPU
		{146A4226-A105-489F-9A4C-8C74B359E644}.Release|Any CPU.ActiveCfg = Release|Any CPU
		{146A4226-A105-489F-9A4C-8C74B359E644}.Release|Any CPU.Build.0 = Release|Any CPU
		{969F9C70-F48C-4A77-9FEB-3DA490B493C7}.Debug|Any CPU.ActiveCfg = Debug|Any CPU
		{969F9C70-F48C-4A77-9FEB-3DA490B493C7}.Debug|Any CPU.Build.0 = Debug|Any CPU
		{969F9C70-F48C-4A77-9FEB-3DA490B493C7}.Release|Any CPU.ActiveCfg = Release|Any CPU
		{969F9C70-F48C-4A77-9FEB-3DA490B493C7}.Release|Any CPU.Build.0 = Release|Any CPU
		{86E5F344-8C11-4B0A-9C13-02EFC85AD4F4}.Debug|Any CPU.ActiveCfg = Debug|Any CPU
		{86E5F344-8C11-4B0A-9C13-02EFC85AD4F4}.Debug|Any CPU.Build.0 = Debug|Any CPU
		{86E5F344-8C11-4B0A-9C13-02EFC85AD4F4}.Release|Any CPU.ActiveCfg = Release|Any CPU
		{86E5F344-8C11-4B0A-9C13-02EFC85AD4F4}.Release|Any CPU.Build.0 = Release|Any CPU
		{9034FECC-65FD-4422-8E90-60CAB80E55DB}.Debug|Any CPU.ActiveCfg = Debug|Any CPU
		{9034FECC-65FD-4422-8E90-60CAB80E55DB}.Debug|Any CPU.Build.0 = Debug|Any CPU
		{9034FECC-65FD-4422-8E90-60CAB80E55DB}.Release|Any CPU.ActiveCfg = Release|Any CPU
		{9034FECC-65FD-4422-8E90-60CAB80E55DB}.Release|Any CPU.Build.0 = Release|Any CPU
	EndGlobalSection
	GlobalSection(SolutionProperties) = preSolution
		HideSolutionNode = FALSE
	EndGlobalSection
	GlobalSection(ExtensibilityGlobals) = postSolution
		SolutionGuid = {BCE391DB-76DE-4076-BAEE-93AD4779F372}
	EndGlobalSection
EndGlobal
